
Microsoft Visual Studio Solution File, Format Version 12.00
# Visual Studio 15
VisualStudioVersion = 15.0.27130.2036
MinimumVisualStudioVersion = 10.0.40219.1
Project("{FAE04EC0-301F-11D3-BF4B-00C04F79EFBC}") = "Calculator", "Calculator\Calculator.csproj", "{7194686F-9AEB-4435-B47D-1D7536649495}"
EndProject
Global
	GlobalSection(SolutionConfigurationPlatforms) = preSolution
		Debug|Any CPU = Debug|Any CPU
		Release|Any CPU = Release|Any CPU
	EndGlobalSection
	GlobalSection(ProjectConfigurationPlatforms) = postSolution
		{7194686F-9AEB-4435-B47D-1D7536649495}.Debug|Any CPU.ActiveCfg = Debug|Any CPU
		{7194686F-9AEB-4435-B47D-1D7536649495}.Debug|Any CPU.Build.0 = Debug|Any CPU
		{7194686F-9AEB-4435-B47D-1D7536649495}.Release|Any CPU.ActiveCfg = Release|Any CPU
		{7194686F-9AEB-4435-B47D-1D7536649495}.Release|Any CPU.Build.0 = Release|Any CPU
	EndGlobalSection
	GlobalSection(SolutionProperties) = preSolution
		HideSolutionNode = FALSE
	EndGlobalSection
	GlobalSection(ExtensibilityGlobals) = postSolution
		SolutionGuid = {AF8232A4-1280-4C96-9E05-E3316758E77C}
	EndGlobalSection
EndGlobal
